
Microsoft Visual Studio Solution File, Format Version 12.00
# Visual Studio Version 16
VisualStudioVersion = 16.0.29215.179
MinimumVisualStudioVersion = 10.0.40219.1
Project("{9A19103F-16F7-4668-BE54-9A1E7A4F7556}") = "BinaryBuffers", "src\BinaryBuffers\BinaryBuffers.csproj", "{6AD5FC00-E696-42B6-AF13-3ED663C6D060}"
EndProject
Project("{9A19103F-16F7-4668-BE54-9A1E7A4F7556}") = "BinaryBuffers.Benchmark", "benchmarks\BinaryBuffers.Benchmark\BinaryBuffers.Benchmark.csproj", "{D98CCFA2-C4E4-405C-8192-F8A6C7AF08EF}"
EndProject
Project("{FAE04EC0-301F-11D3-BF4B-00C04F79EFBC}") = "BinaryBuffers.Tests", "tests\BinaryBuffers.Tests\BinaryBuffers.Tests.csproj", "{B81A8ADA-AF4E-4007-9066-DB7DE2496683}"
EndProject
Global
	GlobalSection(SolutionConfigurationPlatforms) = preSolution
		Debug|Any CPU = Debug|Any CPU
		Release|Any CPU = Release|Any CPU
	EndGlobalSection
	GlobalSection(ProjectConfigurationPlatforms) = postSolution
		{6AD5FC00-E696-42B6-AF13-3ED663C6D060}.Debug|Any CPU.ActiveCfg = Debug|Any CPU
		{6AD5FC00-E696-42B6-AF13-3ED663C6D060}.Debug|Any CPU.Build.0 = Debug|Any CPU
		{6AD5FC00-E696-42B6-AF13-3ED663C6D060}.Release|Any CPU.ActiveCfg = Release|Any CPU
		{6AD5FC00-E696-42B6-AF13-3ED663C6D060}.Release|Any CPU.Build.0 = Release|Any CPU
		{D98CCFA2-C4E4-405C-8192-F8A6C7AF08EF}.Debug|Any CPU.ActiveCfg = Release|Any CPU
		{D98CCFA2-C4E4-405C-8192-F8A6C7AF08EF}.Debug|Any CPU.Build.0 = Release|Any CPU
		{D98CCFA2-C4E4-405C-8192-F8A6C7AF08EF}.Release|Any CPU.ActiveCfg = Release|Any CPU
		{D98CCFA2-C4E4-405C-8192-F8A6C7AF08EF}.Release|Any CPU.Build.0 = Release|Any CPU
		{B81A8ADA-AF4E-4007-9066-DB7DE2496683}.Debug|Any CPU.ActiveCfg = Debug|Any CPU
		{B81A8ADA-AF4E-4007-9066-DB7DE2496683}.Debug|Any CPU.Build.0 = Debug|Any CPU
		{B81A8ADA-AF4E-4007-9066-DB7DE2496683}.Release|Any CPU.ActiveCfg = Release|Any CPU
		{B81A8ADA-AF4E-4007-9066-DB7DE2496683}.Release|Any CPU.Build.0 = Release|Any CPU
	EndGlobalSection
	GlobalSection(SolutionProperties) = preSolution
		HideSolutionNode = FALSE
	EndGlobalSection
	GlobalSection(ExtensibilityGlobals) = postSolution
		SolutionGuid = {3EC6651E-1C0E-4947-8AB2-E2654455142D}
	EndGlobalSection
EndGlobal
